{
    "_meta": {
        "hash": {
            "sha256": "a3db1c49467b4c7dd0f2e628a766911d22a2665e6982e6014e06cc4f3c6891c8"
        },
        "pipfile-spec": 6,
        "requires": {
            "python_version": "3.8"
        },
        "sources": [
            {
                "name": "pypi",
                "url": "https://pypi.org/simple",
                "verify_ssl": true
            }
        ]
    },
    "default": {
        "identify": {
            "extras": [
                "license"
            ],
            "version": "==1.5.9"
        }
    },
    "develop": {
        "ansible-lint": {
            "extras": [
                "yamllint"
            ],
            "version": ">=6.0.2"
        }
    }
}
